<Solution Description="Visual Studio slnx file generated by Premake" Version="1.4">
  <Configurations>
    <BuildType Name="Debug" />
    <BuildType Name="Release" />
    <Platform Name="x64" />
  </Configurations>
  <Project Path="engine\engine.vcxproj" Id="FBDB78FB-E77D-A3D1-D038-B725BC792A22" DefaultStartup="true">
  </Project>
  <Project Path="external\GLAD\GLAD.vcxproj" Id="5D4A857C-4981-860D-F26D-6C10DE83020F">
  </Project>
  <Project Path="external\imgui\ImGUI.vcxproj" Id="80FB640D-EC0F-8DBE-B591-301E216589EF">
  </Project>
</Solution>